
Microsoft Visual Studio Solution File, Format Version 12.00
# Visual Studio Version 17
VisualStudioVersion = 17.1.32407.343
MinimumVisualStudioVersion = 10.0.40219.1
Project("{9A19103F-16F7-4668-BE54-9A1E7A4F7556}") = "CV.API", "CVapp\CV.API.csproj", "{A5C5DDDA-9396-444F-A966-9445CA980A21}"
EndProject
Project("{9A19103F-16F7-4668-BE54-9A1E7A4F7556}") = "CV.Domain", "CVapp.Domain\CV.Domain.csproj", "{C0B91AE6-70D8-4EA9-AFB5-A1E73227BA8E}"
EndProject
Project("{FAE04EC0-301F-11D3-BF4B-00C04F79EFBC}") = "CV.Bll", "CV.Bll\CV.Bll.csproj", "{04174499-C729-475D-8072-2B80D3AAB67B}"
EndProject
Project("{FAE04EC0-301F-11D3-BF4B-00C04F79EFBC}") = "CV.Common", "CV.Common\CV.Common.csproj", "{2EDF2849-3812-4034-9F3A-4CC93702D55D}"
EndProject
Project("{FAE04EC0-301F-11D3-BF4B-00C04F79EFBC}") = "CV.Dal", "CV.Dal\CV.Dal.csproj", "{DC2E02A8-1CB6-4884-A036-F482BA261F48}"
EndProject
Global
	GlobalSection(SolutionConfigurationPlatforms) = preSolution
		Debug|Any CPU = Debug|Any CPU
		Release|Any CPU = Release|Any CPU
	EndGlobalSection
	GlobalSection(ProjectConfigurationPlatforms) = postSolution
		{A5C5DDDA-9396-444F-A966-9445CA980A21}.Debug|Any CPU.ActiveCfg = Debug|Any CPU
		{A5C5DDDA-9396-444F-A966-9445CA980A21}.Debug|Any CPU.Build.0 = Debug|Any CPU
		{A5C5DDDA-9396-444F-A966-9445CA980A21}.Release|Any CPU.ActiveCfg = Release|Any CPU
		{A5C5DDDA-9396-444F-A966-9445CA980A21}.Release|Any CPU.Build.0 = Release|Any CPU
		{C0B91AE6-70D8-4EA9-AFB5-A1E73227BA8E}.Debug|Any CPU.ActiveCfg = Debug|Any CPU
		{C0B91AE6-70D8-4EA9-AFB5-A1E73227BA8E}.Debug|Any CPU.Build.0 = Debug|Any CPU
		{C0B91AE6-70D8-4EA9-AFB5-A1E73227BA8E}.Release|Any CPU.ActiveCfg = Release|Any CPU
		{C0B91AE6-70D8-4EA9-AFB5-A1E73227BA8E}.Release|Any CPU.Build.0 = Release|Any CPU
		{04174499-C729-475D-8072-2B80D3AAB67B}.Debug|Any CPU.ActiveCfg = Debug|Any CPU
		{04174499-C729-475D-8072-2B80D3AAB67B}.Debug|Any CPU.Build.0 = Debug|Any CPU
		{04174499-C729-475D-8072-2B80D3AAB67B}.Release|Any CPU.ActiveCfg = Release|Any CPU
		{04174499-C729-475D-8072-2B80D3AAB67B}.Release|Any CPU.Build.0 = Release|Any CPU
		{2EDF2849-3812-4034-9F3A-4CC93702D55D}.Debug|Any CPU.ActiveCfg = Debug|Any CPU
		{2EDF2849-3812-4034-9F3A-4CC93702D55D}.Debug|Any CPU.Build.0 = Debug|Any CPU
		{2EDF2849-3812-4034-9F3A-4CC93702D55D}.Release|Any CPU.ActiveCfg = Release|Any CPU
		{2EDF2849-3812-4034-9F3A-4CC93702D55D}.Release|Any CPU.Build.0 = Release|Any CPU
		{DC2E02A8-1CB6-4884-A036-F482BA261F48}.Debug|Any CPU.ActiveCfg = Debug|Any CPU
		{DC2E02A8-1CB6-4884-A036-F482BA261F48}.Debug|Any CPU.Build.0 = Debug|Any CPU
		{DC2E02A8-1CB6-4884-A036-F482BA261F48}.Release|Any CPU.ActiveCfg = Release|Any CPU
		{DC2E02A8-1CB6-4884-A036-F482BA261F48}.Release|Any CPU.Build.0 = Release|Any CPU
	EndGlobalSection
	GlobalSection(SolutionProperties) = preSolution
		HideSolutionNode = FALSE
	EndGlobalSection
	GlobalSection(ExtensibilityGlobals) = postSolution
		SolutionGuid = {0F3EE689-BFA0-4F9D-AB32-8072CEDBE25E}
	EndGlobalSection
EndGlobal
