
Microsoft Visual Studio Solution File, Format Version 12.00
# Visual Studio Version 17
VisualStudioVersion = 17.1.32407.343
MinimumVisualStudioVersion = 10.0.40219.1
Project("{9A19103F-16F7-4668-BE54-9A1E7A4F7556}") = "CVapp", "CVapp\CVapp.csproj", "{A5C5DDDA-9396-444F-A966-9445CA980A21}"
EndProject
Project("{FAE04EC0-301F-11D3-BF4B-00C04F79EFBC}") = "LoggerService", "LoggerService\LoggerService.csproj", "{03563E83-1C44-4356-A619-DE24A7C7A5F6}"
EndProject
Project("{9A19103F-16F7-4668-BE54-9A1E7A4F7556}") = "UnitTests", "UnitTests\UnitTests.csproj", "{7105D91D-4651-46B3-A0B2-217DA6C73A9F}"
EndProject
Project("{FAE04EC0-301F-11D3-BF4B-00C04F79EFBC}") = "IntegrationTestsWebApi", "IntegrationTestsWebApi\IntegrationTestsWebApi.csproj", "{3C751E32-E803-4049-B2DF-917AC1B9AFF4}"
EndProject
Global
	GlobalSection(SolutionConfigurationPlatforms) = preSolution
		Debug|Any CPU = Debug|Any CPU
		Release|Any CPU = Release|Any CPU
	EndGlobalSection
	GlobalSection(ProjectConfigurationPlatforms) = postSolution
		{A5C5DDDA-9396-444F-A966-9445CA980A21}.Debug|Any CPU.ActiveCfg = Debug|Any CPU
		{A5C5DDDA-9396-444F-A966-9445CA980A21}.Debug|Any CPU.Build.0 = Debug|Any CPU
		{A5C5DDDA-9396-444F-A966-9445CA980A21}.Release|Any CPU.ActiveCfg = Release|Any CPU
		{A5C5DDDA-9396-444F-A966-9445CA980A21}.Release|Any CPU.Build.0 = Release|Any CPU
		{03563E83-1C44-4356-A619-DE24A7C7A5F6}.Debug|Any CPU.ActiveCfg = Debug|Any CPU
		{03563E83-1C44-4356-A619-DE24A7C7A5F6}.Debug|Any CPU.Build.0 = Debug|Any CPU
		{03563E83-1C44-4356-A619-DE24A7C7A5F6}.Release|Any CPU.ActiveCfg = Release|Any CPU
		{03563E83-1C44-4356-A619-DE24A7C7A5F6}.Release|Any CPU.Build.0 = Release|Any CPU
		{7105D91D-4651-46B3-A0B2-217DA6C73A9F}.Debug|Any CPU.ActiveCfg = Debug|Any CPU
		{7105D91D-4651-46B3-A0B2-217DA6C73A9F}.Debug|Any CPU.Build.0 = Debug|Any CPU
		{7105D91D-4651-46B3-A0B2-217DA6C73A9F}.Release|Any CPU.ActiveCfg = Release|Any CPU
		{7105D91D-4651-46B3-A0B2-217DA6C73A9F}.Release|Any CPU.Build.0 = Release|Any CPU
		{3C751E32-E803-4049-B2DF-917AC1B9AFF4}.Debug|Any CPU.ActiveCfg = Debug|Any CPU
		{3C751E32-E803-4049-B2DF-917AC1B9AFF4}.Debug|Any CPU.Build.0 = Debug|Any CPU
		{3C751E32-E803-4049-B2DF-917AC1B9AFF4}.Release|Any CPU.ActiveCfg = Release|Any CPU
		{3C751E32-E803-4049-B2DF-917AC1B9AFF4}.Release|Any CPU.Build.0 = Release|Any CPU
	EndGlobalSection
	GlobalSection(SolutionProperties) = preSolution
		HideSolutionNode = FALSE
	EndGlobalSection
	GlobalSection(ExtensibilityGlobals) = postSolution
		SolutionGuid = {0F3EE689-BFA0-4F9D-AB32-8072CEDBE25E}
	EndGlobalSection
EndGlobal
